
Microsoft Visual Studio Solution File, Format Version 12.00
# Visual Studio Version 16
VisualStudioVersion = 16.0.28803.202
MinimumVisualStudioVersion = 10.0.40219.1
Project("{FAE04EC0-301F-11D3-BF4B-00C04F79EFBC}") = "WebAdvert.Web", "WebAdvert.Web\WebAdvert.Web.csproj", "{6CD2AA49-8EFD-45CA-A4C9-2A832F6A781D}"
EndProject
Global
	GlobalSection(SolutionConfigurationPlatforms) = preSolution
		Debug|Any CPU = Debug|Any CPU
		Release|Any CPU = Release|Any CPU
	EndGlobalSection
	GlobalSection(ProjectConfigurationPlatforms) = postSolution
		{6CD2AA49-8EFD-45CA-A4C9-2A832F6A781D}.Debug|Any CPU.ActiveCfg = Debug|Any CPU
		{6CD2AA49-8EFD-45CA-A4C9-2A832F6A781D}.Debug|Any CPU.Build.0 = Debug|Any CPU
		{6CD2AA49-8EFD-45CA-A4C9-2A832F6A781D}.Release|Any CPU.ActiveCfg = Release|Any CPU
		{6CD2AA49-8EFD-45CA-A4C9-2A832F6A781D}.Release|Any CPU.Build.0 = Release|Any CPU
	EndGlobalSection
	GlobalSection(SolutionProperties) = preSolution
		HideSolutionNode = FALSE
	EndGlobalSection
	GlobalSection(ExtensibilityGlobals) = postSolution
		SolutionGuid = {20781027-BAA2-4F86-BF3B-344FE2A663D1}
	EndGlobalSection
EndGlobal
